{
  "name": "avalanche_model_parser",
  "version": "1.1.3",
  "lockfileVersion": 3,
  "requires": true,
  "packages": {
    "": {
      "name": "avalanche_model_parser",
      "version": "1.1.3",
      "license": "ISC",
      "dependencies": {
        "r_lib": "iseeeva/r_lib#f9289570beb9e26c1d3553a09077d34a0d2bb682",
        "xml-js": "^1.6.11"
      }
    },
    "node_modules/@petamoriken/float16": {
      "version": "3.8.4",
      "resolved": "https://registry.npmjs.org/@petamoriken/float16/-/float16-3.8.4.tgz",
      "integrity": "sha512-kB+NJ5Br56ZhElKsf0pM7/PQfrDdDVMRz8f0JM6eVOGE+L89z9hwcst9QvWBBnazzuqGTGtPsJNZoQ1JdNiGSQ=="
    },
    "node_modules/lodash-es": {
      "version": "4.17.21",
      "resolved": "https://registry.npmjs.org/lodash-es/-/lodash-es-4.17.21.tgz",
      "integrity": "sha512-mKnC+QJ9pWVzv+C4/U3rRsHapFfHvQFoFB92e52xeyGMcX6/OlIl78je1u8vePzYZSkkogMPJ2yjxxsb89cxyw=="
    },
    "node_modules/r_lib": {
      "version": "1.3.5",
      "resolved": "git+ssh://git@github.com/iseeeva/r_lib.git#f9289570beb9e26c1d3553a09077d34a0d2bb682",
      "integrity": "sha512-G9jcqShZbUpct9heNjdbtF3X0DX42+ztnuJk8z51W7KmAIVUIJRV6w69kbI+6hwiWTod8NzmjvV9lBv9CIpZCQ==",
      "license": "ISC",
      "dependencies": {
        "@petamoriken/float16": "^3.7.0",
        "lodash-es": "^4.17.21"
      }
    },
    "node_modules/sax": {
      "version": "1.3.0",
      "resolved": "https://registry.npmjs.org/sax/-/sax-1.3.0.tgz",
      "integrity": "sha512-0s+oAmw9zLl1V1cS9BtZN7JAd0cW5e0QH4W3LWEK6a4LaLEA2OTpGYWDY+6XasBLtz6wkm3u1xRw95mRuJ59WA=="
    },
    "node_modules/xml-js": {
      "version": "1.6.11",
      "resolved": "https://registry.npmjs.org/xml-js/-/xml-js-1.6.11.tgz",
      "integrity": "sha512-7rVi2KMfwfWFl+GpPg6m80IVMWXLRjO+PxTq7V2CDhoGak0wzYzFgUY2m4XJ47OGdXd8eLE8EmwfAmdjw7lC1g==",
      "dependencies": {
        "sax": "^1.2.4"
      },
      "bin": {
        "xml-js": "bin/cli.js"
      }
    }
  }
}
